{
    "_meta": {
        "hash": {
            "sha256": "db8de52ad81d277cd89a11ab6d0403e186d2d90b2d3096d9995d4a40014a80fc"
        },
        "pipfile-spec": 6,
        "requires": {
            "python_version": "3.11"
        },
        "sources": [
            {
                "name": "pypi",
                "url": "https://pypi.org/simple",
                "verify_ssl": true
            }
        ]
    },
    "default": {
        "smbus2": {
            "hashes": [
                "sha256:1a15c3b9fa69357beb038cc0b5d37939702f8bfde1ddc89ca9f17d8461dbe949",
                "sha256:4a5946fd82277870c2878befdb1a29bb28d15cda14ea4d8d2d54cf3d4bdcb035"
            ],
            "version": "==0.5.0"
        },
        "sparkfun-qwiic-dual-encoder-reader": {
            "hashes": [
                "sha256:0d266203dfed8fc37a882ada0c6365cf3974c0c2237cb9d822c47b84e1bd2fe1",
                "sha256:b01832961dc2aacb9cc5d86367652d6ac2c170f2bbc8523275be44ed875ccb9e"
            ],
            "index": "pypi",
            "version": "==0.0.2"
        },
        "sparkfun-qwiic-i2c": {
            "hashes": [
                "sha256:0423d0a5c0b92338f666cea94e9f38218411d3bed13b4c668f6e90f45ab18bcf",
                "sha256:309b3f12a167622fc66c49c6118ef8596814221b45b297c85a10ce51d6901eeb"
            ],
            "version": "==1.0.0"
        },
        "sparkfun-qwiic-icm20948": {
            "hashes": [
                "sha256:3ba90b9b769704035280c0713ac145597c715606f2cd1667d9a09c25b984f475",
                "sha256:3cca44bae64adb24298b30a893476819a35a80e88182f3b79f8f09ee0acbd4fc"
            ],
            "index": "pypi",
            "version": "==0.0.1"
        },
        "sparkfun-qwiic-scmd": {
            "hashes": [
                "sha256:133673c7d424bdc7cb976f4f2435e4148d94b8227ecf3f7d1cbb84de59d18762",
                "sha256:85998385df4c577b1b05b54421ad818e477bc66a18b2473930431cb00d0f139d"
            ],
            "index": "pypi",
            "version": "==0.9.1"
        }
    },
    "develop": {}
}
